
Microsoft Visual Studio Solution File, Format Version 12.00
# Visual Studio Version 17
VisualStudioVersion = 17.0.32112.339
MinimumVisualStudioVersion = 10.0.40219.1
Project("{FAE04EC0-301F-11D3-BF4B-00C04F79EFBC}") = "ConsoleApp1", "ConsoleApp1\ConsoleApp1.csproj", "{1DADF6FF-1ADC-4A26-B223-D505E151ACCB}"
EndProject
Global
	GlobalSection(SolutionConfigurationPlatforms) = preSolution
		Debug|Any CPU = Debug|Any CPU
		Release|Any CPU = Release|Any CPU
	EndGlobalSection
	GlobalSection(ProjectConfigurationPlatforms) = postSolution
		{1DADF6FF-1ADC-4A26-B223-D505E151ACCB}.Debug|Any CPU.ActiveCfg = Debug|Any CPU
		{1DADF6FF-1ADC-4A26-B223-D505E151ACCB}.Debug|Any CPU.Build.0 = Debug|Any CPU
		{1DADF6FF-1ADC-4A26-B223-D505E151ACCB}.Release|Any CPU.ActiveCfg = Release|Any CPU
		{1DADF6FF-1ADC-4A26-B223-D505E151ACCB}.Release|Any CPU.Build.0 = Release|Any CPU
	EndGlobalSection
	GlobalSection(SolutionProperties) = preSolution
		HideSolutionNode = FALSE
	EndGlobalSection
	GlobalSection(ExtensibilityGlobals) = postSolution
		SolutionGuid = {83D46192-907F-41DA-820B-B4D6A83679CB}
	EndGlobalSection
EndGlobal
